
Microsoft Visual Studio Solution File, Format Version 12.00
# Visual Studio 2017
Project("{FAE04EC0-301F-11D3-BF4B-00C04F79EFBC}") = "idock ver1_32hle", "idock ver1_32hle.csproj", "{3BDA3D02-36B3-5844-5BE9-7D12B0AA397B}"
EndProject
Project("{FAE04EC0-301F-11D3-BF4B-00C04F79EFBC}") = "idock ver1_32hle.Plugins", "idock ver1_32hle.Plugins.csproj", "{29E2F173-AB1E-A7F9-41E6-81DF463047DD}"
EndProject
Project("{FAE04EC0-301F-11D3-BF4B-00C04F79EFBC}") = "idock ver1_32hle.Editor.Plugins", "idock ver1_32hle.Editor.Plugins.csproj", "{3077A19D-9504-DAD6-4CB6-3B92B7692E95}"
EndProject
Global
	GlobalSection(SolutionConfigurationPlatforms) = preSolution
		Debug|Any CPU = Debug|Any CPU
		Release|Any CPU = Release|Any CPU
	EndGlobalSection
	GlobalSection(ProjectConfigurationPlatforms) = postSolution
		{3BDA3D02-36B3-5844-5BE9-7D12B0AA397B}.Debug|Any CPU.ActiveCfg = Debug|Any CPU
		{3BDA3D02-36B3-5844-5BE9-7D12B0AA397B}.Debug|Any CPU.Build.0 = Debug|Any CPU
		{3BDA3D02-36B3-5844-5BE9-7D12B0AA397B}.Release|Any CPU.ActiveCfg = Release|Any CPU
		{3BDA3D02-36B3-5844-5BE9-7D12B0AA397B}.Release|Any CPU.Build.0 = Release|Any CPU
		{29E2F173-AB1E-A7F9-41E6-81DF463047DD}.Debug|Any CPU.ActiveCfg = Debug|Any CPU
		{29E2F173-AB1E-A7F9-41E6-81DF463047DD}.Debug|Any CPU.Build.0 = Debug|Any CPU
		{29E2F173-AB1E-A7F9-41E6-81DF463047DD}.Release|Any CPU.ActiveCfg = Release|Any CPU
		{29E2F173-AB1E-A7F9-41E6-81DF463047DD}.Release|Any CPU.Build.0 = Release|Any CPU
		{3077A19D-9504-DAD6-4CB6-3B92B7692E95}.Debug|Any CPU.ActiveCfg = Debug|Any CPU
		{3077A19D-9504-DAD6-4CB6-3B92B7692E95}.Debug|Any CPU.Build.0 = Debug|Any CPU
		{3077A19D-9504-DAD6-4CB6-3B92B7692E95}.Release|Any CPU.ActiveCfg = Release|Any CPU
		{3077A19D-9504-DAD6-4CB6-3B92B7692E95}.Release|Any CPU.Build.0 = Release|Any CPU
	EndGlobalSection
	GlobalSection(SolutionProperties) = preSolution
		HideSolutionNode = FALSE
	EndGlobalSection
EndGlobal
