
Microsoft Visual Studio Solution File, Format Version 12.00
# Visual Studio 2017
Project("{FAE04EC0-301F-11D3-BF4B-00C04F79EFBC}") = "idock ver1_1kai.Plugins", "idock ver1_1kai.Plugins.csproj", "{D5EF01EA-E113-D306-5F67-E3E3CA1E4E3E}"
EndProject
Project("{FAE04EC0-301F-11D3-BF4B-00C04F79EFBC}") = "idock ver1_1kai", "idock ver1_1kai.csproj", "{B5FEEA6F-2737-0F67-7F68-EEC405BC5FB9}"
EndProject
Project("{FAE04EC0-301F-11D3-BF4B-00C04F79EFBC}") = "idock ver1_1kai.Editor.Plugins", "idock ver1_1kai.Editor.Plugins.csproj", "{841B0297-EB89-E0AF-CB95-0AF1D5B5A2F5}"
EndProject
Global
	GlobalSection(SolutionConfigurationPlatforms) = preSolution
		Debug|Any CPU = Debug|Any CPU
		Release|Any CPU = Release|Any CPU
	EndGlobalSection
	GlobalSection(ProjectConfigurationPlatforms) = postSolution
		{D5EF01EA-E113-D306-5F67-E3E3CA1E4E3E}.Debug|Any CPU.ActiveCfg = Debug|Any CPU
		{D5EF01EA-E113-D306-5F67-E3E3CA1E4E3E}.Debug|Any CPU.Build.0 = Debug|Any CPU
		{D5EF01EA-E113-D306-5F67-E3E3CA1E4E3E}.Release|Any CPU.ActiveCfg = Release|Any CPU
		{D5EF01EA-E113-D306-5F67-E3E3CA1E4E3E}.Release|Any CPU.Build.0 = Release|Any CPU
		{B5FEEA6F-2737-0F67-7F68-EEC405BC5FB9}.Debug|Any CPU.ActiveCfg = Debug|Any CPU
		{B5FEEA6F-2737-0F67-7F68-EEC405BC5FB9}.Debug|Any CPU.Build.0 = Debug|Any CPU
		{B5FEEA6F-2737-0F67-7F68-EEC405BC5FB9}.Release|Any CPU.ActiveCfg = Release|Any CPU
		{B5FEEA6F-2737-0F67-7F68-EEC405BC5FB9}.Release|Any CPU.Build.0 = Release|Any CPU
		{841B0297-EB89-E0AF-CB95-0AF1D5B5A2F5}.Debug|Any CPU.ActiveCfg = Debug|Any CPU
		{841B0297-EB89-E0AF-CB95-0AF1D5B5A2F5}.Debug|Any CPU.Build.0 = Debug|Any CPU
		{841B0297-EB89-E0AF-CB95-0AF1D5B5A2F5}.Release|Any CPU.ActiveCfg = Release|Any CPU
		{841B0297-EB89-E0AF-CB95-0AF1D5B5A2F5}.Release|Any CPU.Build.0 = Release|Any CPU
	EndGlobalSection
	GlobalSection(SolutionProperties) = preSolution
		HideSolutionNode = FALSE
	EndGlobalSection
EndGlobal
